
Microsoft Visual Studio Solution File, Format Version 12.00
# Visual Studio Version 17
VisualStudioVersion = 17.3.32819.101
MinimumVisualStudioVersion = 10.0.40219.1
Project("{FAE04EC0-301F-11D3-BF4B-00C04F79EFBC}") = "BitwiseEx", "BitwiseEx\BitwiseEx.csproj", "{E961653E-517D-4D88-93D2-0698879D8E8E}"
EndProject
Project("{FAE04EC0-301F-11D3-BF4B-00C04F79EFBC}") = "Tests", "Tests\Tests.csproj", "{29D1D434-682A-417C-AE11-63210937C083}"
EndProject
Global
	GlobalSection(SolutionConfigurationPlatforms) = preSolution
		Debug|Any CPU = Debug|Any CPU
		Release|Any CPU = Release|Any CPU
	EndGlobalSection
	GlobalSection(ProjectConfigurationPlatforms) = postSolution
		{E961653E-517D-4D88-93D2-0698879D8E8E}.Debug|Any CPU.ActiveCfg = Debug|Any CPU
		{E961653E-517D-4D88-93D2-0698879D8E8E}.Debug|Any CPU.Build.0 = Debug|Any CPU
		{E961653E-517D-4D88-93D2-0698879D8E8E}.Release|Any CPU.ActiveCfg = Release|Any CPU
		{E961653E-517D-4D88-93D2-0698879D8E8E}.Release|Any CPU.Build.0 = Release|Any CPU
		{29D1D434-682A-417C-AE11-63210937C083}.Debug|Any CPU.ActiveCfg = Debug|Any CPU
		{29D1D434-682A-417C-AE11-63210937C083}.Debug|Any CPU.Build.0 = Debug|Any CPU
		{29D1D434-682A-417C-AE11-63210937C083}.Release|Any CPU.ActiveCfg = Release|Any CPU
		{29D1D434-682A-417C-AE11-63210937C083}.Release|Any CPU.Build.0 = Release|Any CPU
	EndGlobalSection
	GlobalSection(SolutionProperties) = preSolution
		HideSolutionNode = FALSE
	EndGlobalSection
	GlobalSection(ExtensibilityGlobals) = postSolution
		SolutionGuid = {776EA010-E482-4E25-9783-B6223FC4BD44}
	EndGlobalSection
EndGlobal
